{"1.2.0",
[{<<"accept">>,{pkg,<<"accept">>,<<"0.3.5">>},2},
 {<<"cowboy">>,{pkg,<<"cowboy">>,<<"2.8.0">>},0},
 {<<"cowlib">>,{pkg,<<"cowlib">>,<<"2.9.1">>},1},
 {<<"cut">>,{pkg,<<"cut">>,<<"1.0.3">>},1},
 {<<"eradius">>,{pkg,<<"eradius">>,<<"2.2.1">>},1},
 {<<"ergw_aaa">>,
  {git,"https://github.com/travelping/ergw_aaa.git",
       {ref,"e9f17eea50ebeacae9049c36d626268715bfc988"}},
  0},
 {<<"erlando">>,
  {git,"https://github.com/travelping/erlando.git",
       {ref,"b61948d0a377d0f02d2a70d93a4e31feca6e95d9"}},
  0},
 {<<"gtplib">>,{pkg,<<"gtplib">>,<<"2.0.1">>},0},
 {<<"jobs">>,{pkg,<<"jobs">>,<<"0.9.0">>},0},
 {<<"jsx">>,{pkg,<<"jsx">>,<<"3.0.0">>},0},
 {<<"netdata">>,
  {git,"https://github.com/RoadRunnr/erl_netdata.git",
       {ref,"cbd6eaf304d6ef9d0c659abb1b37de18f1aac45f"}},
  0},
 {<<"parse_trans">>,
  {git,"https://github.com/uwiger/parse_trans.git",
       {ref,"35439e206ce6f6a858f64efce5c70588d437b941"}},
  0},
 {<<"pfcplib">>,{pkg,<<"pfcplib">>,<<"2.0.0">>},0},
 {<<"pmod_transform">>,
  {git,"git://github.com/erlang/pmod_transform.git",
       {ref,"f96b8b572395581d58fe3dd7c3e61f3f0e8fa6dc"}},
  1},
 {<<"ppplib">>,{pkg,<<"ppplib">>,<<"1.0.0">>},1},
 {<<"prometheus">>,
  {git,"https://github.com/deadtrickster/prometheus.erl.git",
       {ref,"b38f87dcd2a5dda10ba202331b4137d8851bdfb9"}},
  0},
 {<<"prometheus_cowboy">>,{pkg,<<"prometheus_cowboy">>,<<"0.1.8">>},0},
 {<<"prometheus_diameter_collector">>,
  {pkg,<<"prometheus_diameter_collector">>,<<"1.2.0">>},
  0},
 {<<"prometheus_httpd">>,{pkg,<<"prometheus_httpd">>,<<"2.1.11">>},1},
 {<<"quantile_estimator">>,{pkg,<<"quantile_estimator">>,<<"0.2.1">>},1},
 {<<"ranch">>,{pkg,<<"ranch">>,<<"1.7.1">>},1},
 {<<"regine">>,{pkg,<<"regine">>,<<"1.0.0">>},1},
 {<<"setup">>,
  {git,"https://github.com/uwiger/setup.git",
       {ref,"b8fd827e7e9e0f5aeec2f26a2f3a31bb06407686"}},
  0}]}.
[
{pkg_hash,[
 {<<"accept">>, <<"B33B127ABCA7CC948BBE6CAA4C263369ABF1347CFA9D8E699C6D214660F10CD1">>},
 {<<"cowboy">>, <<"F3DC62E35797ECD9AC1B50DB74611193C29815401E53BAC9A5C0577BD7BC667D">>},
 {<<"cowlib">>, <<"61A6C7C50CF07FDD24B2F45B89500BB93B6686579B069A89F88CB211E1125C78">>},
 {<<"cut">>, <<"1577F2F3BC0F2BF3B97903B7426F8A3D79523687B6A444D0F59A095EF69A0E81">>},
 {<<"eradius">>, <<"5F8A3857BE20E1759D96B46E7537F6031DC879FD609471546341E892DD115E54">>},
 {<<"gtplib">>, <<"2DFBE0EFEBE2DA11BF654036B0DBED6C56B4188F6E299494D10DE770395D20D3">>},
 {<<"jobs">>, <<"B2F0071531C4A48575A096FEC428DCDD4555C64E5086FE521FCEAF581B1F51DC">>},
 {<<"jsx">>, <<"20A170ABD4335FC6DB24D5FAD1E5D677C55DADF83D1B20A8A33B5FE159892A39">>},
 {<<"pfcplib">>, <<"1F6DE53E987ED3CA084EF3174EBE76EFCF1A18A27DDCC663F473B770E56D382C">>},
 {<<"ppplib">>, <<"F9EC2690532BAF590277A305A2276FCFAD0285557E1055552F8A2FCAF1BF081A">>},
 {<<"prometheus_cowboy">>, <<"CFCE0BC7B668C5096639084FCD873826E6220EA714BF60A716F5BD080EF2A99C">>},
 {<<"prometheus_diameter_collector">>, <<"833A62869BF28960A2ADED43A669B95DEC9859336907999B74532CE2F0460CED">>},
 {<<"prometheus_httpd">>, <<"F616ED9B85B536B195D94104063025A91F904A4CFC20255363F49A197D96C896">>},
 {<<"quantile_estimator">>, <<"EF50A361F11B5F26B5F16D0696E46A9E4661756492C981F7B2229EF42FF1CD15">>},
 {<<"ranch">>, <<"6B1FAB51B49196860B733A49C07604465A47BDB78AA10C1C16A3D199F7F8C881">>},
 {<<"regine">>, <<"81CB906BCDA9E177C85FE5D1825B55A5A33F528B46A914278DBAA1403FE13E59">>}]},
{pkg_hash_ext,[
 {<<"accept">>, <<"11B18C220BCC2EAB63B5470C038EF10EB6783BCB1FCDB11AA4137DEFA5AC1BB8">>},
 {<<"cowboy">>, <<"4643E4FBA74AC96D4D152C75803DE6FAD0B3FA5DF354C71AFDD6CBEEB15FAC8A">>},
 {<<"cowlib">>, <<"E4175DC240A70D996156160891E1C62238EDE1729E45740BDD38064DAD476170">>},
 {<<"cut">>, <<"1A4A25DB2B7C5565FD28B314A4EEB898B1ED3CAFFA1AB09149345FB5731ED04B">>},
 {<<"eradius">>, <<"EF3F8F2D33B63D56ACB5B60E1DFFDA53744239AAEAE489459C6172C9CA4166F0">>},
 {<<"gtplib">>, <<"0EAFE8324BC005B78ACF6A2025B9AED30135584E5BE3B404016DF2E2E54C8FE4">>},
 {<<"jobs">>, <<"4E50CC8EDD7B5A0AE6F4C17B25514470A772626A5F6C24E9BC06A62AEF618237">>},
 {<<"jsx">>, <<"37BECA0435F5CA8A2F45F76A46211E76418FBEF80C36F0361C249FC75059DC6D">>},
 {<<"pfcplib">>, <<"06136B87D1494CE760C04F483DDA1A8DAC79B45AE1AF5BC2847B836A8BE9985E">>},
 {<<"ppplib">>, <<"32440D630F55DD29F849847DD8F15F69175FDDC210AA88517AC8AD2854CD6FA1">>},
 {<<"prometheus_cowboy">>, <<"BA286BECA9302618418892D37BCD5DC669A6CC001F4EB6D6AF85FF81F3F4F34C">>},
 {<<"prometheus_diameter_collector">>, <<"FDFE0694A6F3371461FCFF8D9EE0035B09B85387B0B0CF9367854E36EE880DED">>},
 {<<"prometheus_httpd">>, <<"0BBE831452CFDF9588538EB2F570B26F30C348ADAE5E95A7D87F35A5910BCF92">>},
 {<<"quantile_estimator">>, <<"282A8A323CA2A845C9E6F787D166348F776C1D4A41EDE63046D72D422E3DA946">>},
 {<<"ranch">>, <<"451D8527787DF716D99DC36162FCA05934915DB0B6141BBDAC2EA8D3C7AFC7D7">>},
 {<<"regine">>, <<"74A329F769BF5A7DA56C3F04B61AAFFB7276E9AED7D2BF9789F024502CAD0458">>}]}
].
