{"1.2.0",
[{<<"accept">>,{pkg,<<"accept">>,<<"0.3.5">>},2},
 {<<"bear">>,{pkg,<<"bear">>,<<"0.8.7">>},4},
 {<<"bson">>,
  {git,"git://github.com/comtihon/bson-erlang",
       {ref,"14308ab927cfa69324742c3de720578094e0bb19"}},
  1},
 {<<"cowboy">>,{pkg,<<"cowboy">>,<<"2.8.0">>},0},
 {<<"cowlib">>,{pkg,<<"cowlib">>,<<"2.9.1">>},1},
 {<<"eradius">>,
  {git,"https://github.com/travelping/eradius.git",
       {ref,"4e76c435aee6350c772f424b35d2ed0d344d0706"}},
  1},
 {<<"ergw_aaa">>,
  {git,"git://github.com/travelping/ergw_aaa",
       {ref,"1820ac29e5928703bfdcf07d6f9ae94eea2d7f4b"}},
  0},
 {<<"erlando">>,
  {git,"https://github.com/travelping/erlando.git",
       {ref,"b61948d0a377d0f02d2a70d93a4e31feca6e95d9"}},
  0},
 {<<"exometer_core">>,{pkg,<<"exometer_core">>,<<"1.5.7">>},2},
 {<<"folsom">>,{pkg,<<"folsom">>,<<"0.8.7">>},3},
 {<<"gtplib">>,
  {git,"https://github.com/travelping/gtplib.git",
       {ref,"f63ff4f362d6f9266ee6cd0f92ec402cc6a0952a"}},
  0},
 {<<"hut">>,{pkg,<<"hut">>,<<"1.2.1">>},3},
 {<<"jobs">>,{pkg,<<"jobs">>,<<"0.9.0">>},0},
 {<<"jsx">>,{pkg,<<"jsx">>,<<"3.0.0">>},0},
 {<<"mongodb">>,
  {git,"git://github.com/comtihon/mongodb-erlang",
       {ref,"8d8b03ec572dda3f3b3cf16bcaa44d9afd5f5033"}},
  0},
 {<<"netdata">>,
  {git,"https://github.com/RoadRunnr/erl_netdata.git",
       {ref,"cbd6eaf304d6ef9d0c659abb1b37de18f1aac45f"}},
  0},
 {<<"parse_trans">>,
  {git,"https://github.com/uwiger/parse_trans.git",
       {ref,"94917dee58d0393ae34646edbef394e542ca604f"}},
  0},
 {<<"pbkdf2">>,
  {git,"git://github.com/comtihon/erlang-pbkdf2.git",
       {ref,"5201a735639496fc595061160117e4ec155d73f5"}},
  1},
 {<<"pfcplib">>,
  {git,"https://github.com/travelping/pfcplib.git",
       {ref,"304e876adff9b44a9d7add0e83bcb4d2ab437476"}},
  0},
 {<<"pmod_transform">>,
  {git,"git://github.com/erlang/pmod_transform.git",
       {ref,"8d5ab70f087cfbb634d789f7489f09c6d39c5c8b"}},
  1},
 {<<"poolboy">>,
  {git,"git://github.com/comtihon/poolboy.git",
       {ref,"9c06a9ad4e700e0724a2e3c4b44c5f5d51380a0d"}},
  1},
 {<<"ppp">>,
  {git,"git://github.com/travelping/ppp",
       {ref,"ff401a49a56abc042162385a313cb21b44bc7826"}},
  1},
 {<<"prometheus">>,{pkg,<<"prometheus">>,<<"4.6.0">>},0},
 {<<"prometheus_cowboy">>,{pkg,<<"prometheus_cowboy">>,<<"0.1.8">>},0},
 {<<"prometheus_diameter_collector">>,
  {git,"https://github.com/travelping/prometheus_diameter_collector.git",
       {ref,"d2cb3854f345f7765d97cac80b98bce6bc656b5f"}},
  0},
 {<<"prometheus_httpd">>,{pkg,<<"prometheus_httpd">>,<<"2.1.11">>},1},
 {<<"ranch">>,{pkg,<<"ranch">>,<<"1.7.1">>},1},
 {<<"regine">>,
  {git,"https://github.com/travelping/regine.git",
       {ref,"617900e1426514813a6ae40527e8dd5f572ac026"}},
  1},
 {<<"setup">>,
  {git,"https://github.com/uwiger/setup.git",
       {ref,"b8fd827e7e9e0f5aeec2f26a2f3a31bb06407686"}},
  0},
 {<<"stacktrace_compat">>,{pkg,<<"stacktrace_compat">>,<<"1.0.2">>},2}]}.
[
{pkg_hash,[
 {<<"accept">>, <<"B33B127ABCA7CC948BBE6CAA4C263369ABF1347CFA9D8E699C6D214660F10CD1">>},
 {<<"bear">>, <<"16264309AE5D005D03718A5C82641FCC259C9E8F09ADEB6FD79CA4271168656F">>},
 {<<"cowboy">>, <<"F3DC62E35797ECD9AC1B50DB74611193C29815401E53BAC9A5C0577BD7BC667D">>},
 {<<"cowlib">>, <<"61A6C7C50CF07FDD24B2F45B89500BB93B6686579B069A89F88CB211E1125C78">>},
 {<<"exometer_core">>, <<"AB97E34A5D69AB14E6AE161DB4CCA5B5E655E635B842F830EE6AB2CBFCFDC30A">>},
 {<<"folsom">>, <<"A885F0AEEE4C84270954C88A55A5A473D6B2C7493E32FFDC5765412DD555A951">>},
 {<<"hut">>, <<"08D46679523043424870723923971889E8A34D63B2F946A35B46CF921D1236E7">>},
 {<<"jobs">>, <<"B2F0071531C4A48575A096FEC428DCDD4555C64E5086FE521FCEAF581B1F51DC">>},
 {<<"jsx">>, <<"20A170ABD4335FC6DB24D5FAD1E5D677C55DADF83D1B20A8A33B5FE159892A39">>},
 {<<"prometheus">>, <<"20510F381DB1CCAB818B4CF2FAC5FA6AB5CC91BC364A154399901C001465F46F">>},
 {<<"prometheus_cowboy">>, <<"CFCE0BC7B668C5096639084FCD873826E6220EA714BF60A716F5BD080EF2A99C">>},
 {<<"prometheus_httpd">>, <<"F616ED9B85B536B195D94104063025A91F904A4CFC20255363F49A197D96C896">>},
 {<<"ranch">>, <<"6B1FAB51B49196860B733A49C07604465A47BDB78AA10C1C16A3D199F7F8C881">>},
 {<<"stacktrace_compat">>, <<"8AD31C32C9A0EADB1EB298F04DC8B0C8D79BCC6233A638B02791FFCA4F331275">>}]},
{pkg_hash_ext,[
 {<<"accept">>, <<"11B18C220BCC2EAB63B5470C038EF10EB6783BCB1FCDB11AA4137DEFA5AC1BB8">>},
 {<<"bear">>, <<"534217DCE6A719D59E54FB0EB7A367900DBFC5F85757E8C1F94269DF383F6D9B">>},
 {<<"cowboy">>, <<"4643E4FBA74AC96D4D152C75803DE6FAD0B3FA5DF354C71AFDD6CBEEB15FAC8A">>},
 {<<"cowlib">>, <<"E4175DC240A70D996156160891E1C62238EDE1729E45740BDD38064DAD476170">>},
 {<<"exometer_core">>, <<"6AFBD8F6B1AAF7443D6A5A05BBBCD15285622353550F3077C87176E25BE99C1E">>},
 {<<"folsom">>, <<"F7B644FC002A75AF00B8BFBD3CC5C2BD955E09A118D2982D9A6C04E5646FF367">>},
 {<<"hut">>, <<"953FC447514BAF9CC79FA147D66469243C94DFA1593779614E070C692D0BF0F3">>},
 {<<"jobs">>, <<"4E50CC8EDD7B5A0AE6F4C17B25514470A772626A5F6C24E9BC06A62AEF618237">>},
 {<<"jsx">>, <<"37BECA0435F5CA8A2F45F76A46211E76418FBEF80C36F0361C249FC75059DC6D">>},
 {<<"prometheus">>, <<"4905FD2992F8038ECCD7AA0CD22F40637ED618C0BED1F75C05AACEC15B7545DE">>},
 {<<"prometheus_cowboy">>, <<"BA286BECA9302618418892D37BCD5DC669A6CC001F4EB6D6AF85FF81F3F4F34C">>},
 {<<"prometheus_httpd">>, <<"0BBE831452CFDF9588538EB2F570B26F30C348ADAE5E95A7D87F35A5910BCF92">>},
 {<<"ranch">>, <<"451D8527787DF716D99DC36162FCA05934915DB0B6141BBDAC2EA8D3C7AFC7D7">>},
 {<<"stacktrace_compat">>, <<"B6F4F9083ED12E533CC3CADACB6F8ED32054476C70F74D6921F34350581654C0">>}]}
].
