{"1.2.0",
[{<<"accept">>,{pkg,<<"accept">>,<<"0.3.5">>},2},
 {<<"cowboy">>,{pkg,<<"cowboy">>,<<"2.8.0">>},0},
 {<<"cowlib">>,{pkg,<<"cowlib">>,<<"2.9.1">>},1},
 {<<"eradius">>,{pkg,<<"eradius">>,<<"2.2.1">>},1},
 {<<"ergw_aaa">>,
  {git,"https://github.com/travelping/ergw_aaa.git",
       {ref,"cec8a3b0033373fb4e7a54aeafa901d0d8ea18c4"}},
  0},
 {<<"erlando">>,
  {git,"https://github.com/travelping/erlando.git",
       {ref,"b61948d0a377d0f02d2a70d93a4e31feca6e95d9"}},
  0},
 {<<"gtplib">>,
  {git,"https://github.com/travelping/gtplib.git",
       {ref,"f63ff4f362d6f9266ee6cd0f92ec402cc6a0952a"}},
  0},
 {<<"jobs">>,{pkg,<<"jobs">>,<<"0.9.0">>},0},
 {<<"jsx">>,{pkg,<<"jsx">>,<<"3.0.0">>},0},
 {<<"netdata">>,
  {git,"https://github.com/RoadRunnr/erl_netdata.git",
       {ref,"cbd6eaf304d6ef9d0c659abb1b37de18f1aac45f"}},
  0},
 {<<"parse_trans">>,
  {git,"https://github.com/uwiger/parse_trans.git",
       {ref,"94917dee58d0393ae34646edbef394e542ca604f"}},
  0},
 {<<"pfcplib">>,
  {git,"https://github.com/travelping/pfcplib.git",
       {ref,"304e876adff9b44a9d7add0e83bcb4d2ab437476"}},
  0},
 {<<"pmod_transform">>,
  {git,"git://github.com/erlang/pmod_transform.git",
       {ref,"8d5ab70f087cfbb634d789f7489f09c6d39c5c8b"}},
  1},
 {<<"ppp">>,
  {git,"git://github.com/travelping/ppp",
       {ref,"ff401a49a56abc042162385a313cb21b44bc7826"}},
  1},
 {<<"prometheus">>,{pkg,<<"prometheus">>,<<"4.6.0">>},0},
 {<<"prometheus_cowboy">>,{pkg,<<"prometheus_cowboy">>,<<"0.1.8">>},0},
 {<<"prometheus_diameter_collector">>,
  {pkg,<<"prometheus_diameter_collector">>,<<"1.2.0">>},
  0},
 {<<"prometheus_httpd">>,{pkg,<<"prometheus_httpd">>,<<"2.1.11">>},1},
 {<<"ranch">>,{pkg,<<"ranch">>,<<"1.7.1">>},1},
 {<<"regine">>,
  {git,"https://github.com/travelping/regine.git",
       {ref,"617900e1426514813a6ae40527e8dd5f572ac026"}},
  1},
 {<<"setup">>,
  {git,"https://github.com/uwiger/setup.git",
       {ref,"b8fd827e7e9e0f5aeec2f26a2f3a31bb06407686"}},
  0}]}.
[
{pkg_hash,[
 {<<"accept">>, <<"B33B127ABCA7CC948BBE6CAA4C263369ABF1347CFA9D8E699C6D214660F10CD1">>},
 {<<"cowboy">>, <<"F3DC62E35797ECD9AC1B50DB74611193C29815401E53BAC9A5C0577BD7BC667D">>},
 {<<"cowlib">>, <<"61A6C7C50CF07FDD24B2F45B89500BB93B6686579B069A89F88CB211E1125C78">>},
 {<<"eradius">>, <<"5F8A3857BE20E1759D96B46E7537F6031DC879FD609471546341E892DD115E54">>},
 {<<"jobs">>, <<"B2F0071531C4A48575A096FEC428DCDD4555C64E5086FE521FCEAF581B1F51DC">>},
 {<<"jsx">>, <<"20A170ABD4335FC6DB24D5FAD1E5D677C55DADF83D1B20A8A33B5FE159892A39">>},
 {<<"prometheus">>, <<"20510F381DB1CCAB818B4CF2FAC5FA6AB5CC91BC364A154399901C001465F46F">>},
 {<<"prometheus_cowboy">>, <<"CFCE0BC7B668C5096639084FCD873826E6220EA714BF60A716F5BD080EF2A99C">>},
 {<<"prometheus_diameter_collector">>, <<"833A62869BF28960A2ADED43A669B95DEC9859336907999B74532CE2F0460CED">>},
 {<<"prometheus_httpd">>, <<"F616ED9B85B536B195D94104063025A91F904A4CFC20255363F49A197D96C896">>},
 {<<"ranch">>, <<"6B1FAB51B49196860B733A49C07604465A47BDB78AA10C1C16A3D199F7F8C881">>}]},
{pkg_hash_ext,[
 {<<"accept">>, <<"11B18C220BCC2EAB63B5470C038EF10EB6783BCB1FCDB11AA4137DEFA5AC1BB8">>},
 {<<"cowboy">>, <<"4643E4FBA74AC96D4D152C75803DE6FAD0B3FA5DF354C71AFDD6CBEEB15FAC8A">>},
 {<<"cowlib">>, <<"E4175DC240A70D996156160891E1C62238EDE1729E45740BDD38064DAD476170">>},
 {<<"eradius">>, <<"EF3F8F2D33B63D56ACB5B60E1DFFDA53744239AAEAE489459C6172C9CA4166F0">>},
 {<<"jobs">>, <<"4E50CC8EDD7B5A0AE6F4C17B25514470A772626A5F6C24E9BC06A62AEF618237">>},
 {<<"jsx">>, <<"37BECA0435F5CA8A2F45F76A46211E76418FBEF80C36F0361C249FC75059DC6D">>},
 {<<"prometheus">>, <<"4905FD2992F8038ECCD7AA0CD22F40637ED618C0BED1F75C05AACEC15B7545DE">>},
 {<<"prometheus_cowboy">>, <<"BA286BECA9302618418892D37BCD5DC669A6CC001F4EB6D6AF85FF81F3F4F34C">>},
 {<<"prometheus_diameter_collector">>, <<"FDFE0694A6F3371461FCFF8D9EE0035B09B85387B0B0CF9367854E36EE880DED">>},
 {<<"prometheus_httpd">>, <<"0BBE831452CFDF9588538EB2F570B26F30C348ADAE5E95A7D87F35A5910BCF92">>},
 {<<"ranch">>, <<"451D8527787DF716D99DC36162FCA05934915DB0B6141BBDAC2EA8D3C7AFC7D7">>}]}
].
